// !$*UTF8*$!
{
	archiveVersion = 1;
	classes = {
	};
	objectVersion = 50;
	objects = {

/* Begin PBXBuildFile section */
		B080046423DFAB41009C0DC0 /* AppDelegate.swift in Sources */ = {isa = PBXBuildFile; fileRef = B080046323DFAB41009C0DC0 /* AppDelegate.swift */; };
		B080046623DFAB41009C0DC0 /* SceneDelegate.swift in Sources */ = {isa = PBXBuildFile; fileRef = B080046523DFAB41009C0DC0 /* SceneDelegate.swift */; };
		B080046823DFAB41009C0DC0 /* ViewController.swift in Sources */ = {isa = PBXBuildFile; fileRef = B080046723DFAB41009C0DC0 /* ViewController.swift */; };
		B080046B23DFAB41009C0DC0 /* Main.storyboard in Resources */ = {isa = PBXBuildFile; fileRef = B080046923DFAB41009C0DC0 /* Main.storyboard */; };
		B080046D23DFAB43009C0DC0 /* Assets.xcassets in Resources */ = {isa = PBXBuildFile; fileRef = B080046C23DFAB43009C0DC0 /* Assets.xcassets */; };
		B080047023DFAB43009C0DC0 /* LaunchScreen.storyboard in Resources */ = {isa = PBXBuildFile; fileRef = B080046E23DFAB43009C0DC0 /* LaunchScreen.storyboard */; };
		B080047B23DFAB43009C0DC0 /* HelloWorldTests.swift in Sources */ = {isa = PBXBuildFile; fileRef = B080047A23DFAB43009C0DC0 /* HelloWorldTests.swift */; };
		B080048623DFAB43009C0DC0 /* HelloWorldUITests.swift in Sources */ = {isa = PBXBuildFile; fileRef = B080048523DFAB43009C0DC0 /* HelloWorldUITests.swift */; };
/* End PBXBuildFile section */

/* Begin PBXContainerItemProxy section */
		B080047723DFAB43009C0DC0 /* PBXContainerItemProxy */ = {
			isa = PBXContainerItemProxy;
			containerPortal = B080045823DFAB41009C0DC0 /* Project object */;
			proxyType = 1;
			remoteGlobalIDString = B080045F23DFAB41009C0DC0;
			remoteInfo = HelloWorld;
		};
		B080048223DFAB43009C0DC0 /* PBXContainerItemProxy */ = {
			isa = PBXContainerItemProxy;
			containerPortal = B080045823DFAB41009C0DC0 /* Project object */;
			proxyType = 1;
			remoteGlobalIDString = B080045F23DFAB41009C0DC0;
			remoteInfo = HelloWorld;
		};
/* End PBXContainerItemProxy section */

/* Begin PBXFileReference section */
		B080046023DFAB41009C0DC0 /* HelloWorld.app */ = {isa = PBXFileReference; explicitFileType = wrapper.application; includeInIndex = 0; path = HelloWorld.app; sourceTree = BUILT_PRODUCTS_DIR; };
		B080046323DFAB41009C0DC0 /* AppDelegate.swift */ = {isa = PBXFileReference; lastKnownFileType = sourcecode.swift; path = AppDelegate.swift; sourceTree = "<group>"; };
		B080046523DFAB41009C0DC0 /* SceneDelegate.swift */ = {isa = PBXFileReference; lastKnownFileType = sourcecode.swift; path = SceneDelegate.swift; sourceTree = "<group>"; };
		B080046723DFAB41009C0DC0 /* ViewController.swift */ = {isa = PBXFileReference; lastKnownFileType = sourcecode.swift; path = ViewController.swift; sourceTree = "<group>"; };
		B080046A23DFAB41009C0DC0 /* Base */ = {isa = PBXFileReference; lastKnownFileType = file.storyboard; name = Base; path = Base.lproj/Main.storyboard; sourceTree = "<group>"; };
		B080046C23DFAB43009C0DC0 /* Assets.xcassets */ = {isa = PBXFileReference; lastKnownFileType = folder.assetcatalog; path = Assets.xcassets; sourceTree = "<group>"; };
		B080046F23DFAB43009C0DC0 /* Base */ = {isa = PBXFileReference; lastKnownFileType = file.storyboard; name = Base; path = Base.lproj/LaunchScreen.storyboard; sourceTree = "<group>"; };
		B080047123DFAB43009C0DC0 /* Info.plist */ = {isa = PBXFileReference; lastKnownFileType = text.plist.xml; path = Info.plist; sourceTree = "<group>"; };
		B080047623DFAB43009C0DC0 /* HelloWorldTests.xctest */ = {isa = PBXFileReference; explicitFileType = wrapper.cfbundle; includeInIndex = 0; path = HelloWorldTests.xctest; sourceTree = BUILT_PRODUCTS_DIR; };
		B080047A23DFAB43009C0DC0 /* HelloWorldTests.swift */ = {isa = PBXFileReference; lastKnownFileType = sourcecode.swift; path = HelloWorldTests.swift; sourceTree = "<group>"; };
		B080047C23DFAB43009C0DC0 /* Info.plist */ = {isa = PBXFileReference; lastKnownFileType = text.plist.xml; path = Info.plist; sourceTree = "<group>"; };
		B080048123DFAB43009C0DC0 /* HelloWorldUITests.xctest */ = {isa = PBXFileReference; explicitFileType = wrapper.cfbundle; includeInIndex = 0; path = HelloWorldUITests.xctest; sourceTree = BUILT_PRODUCTS_DIR; };
		B080048523DFAB43009C0DC0 /* HelloWorldUITests.swift */ = {isa = PBXFileReference; lastKnownFileType = sourcecode.swift; path = HelloWorldUITests.swift; sourceTree = "<group>"; };
		B080048723DFAB43009C0DC0 /* Info.plist */ = {isa = PBXFileReference; lastKnownFileType = text.plist.xml; path = Info.plist; sourceTree = "<group>"; };
/* End PBXFileReference section */

/* Begin PBXFrameworksBuildPhase section */
		B080045D23DFAB41009C0DC0 /* Frameworks */ = {
			isa = PBXFrameworksBuildPhase;
			buildActionMask = 2147483647;
			files = (
			);
			runOnlyForDeploymentPostprocessing = 0;
		};
		B080047323DFAB43009C0DC0 /* Frameworks */ = {
			isa = PBXFrameworksBuildPhase;
			buildActionMask = 2147483647;
			files = (
			);
			runOnlyForDeploymentPostprocessing = 0;
		};
		B080047E23DFAB43009C0DC0 /* Frameworks */ = {
			isa = PBXFrameworksBuildPhase;
			buildActionMask = 2147483647;
			files = (
			);
			runOnlyForDeploymentPostprocessing = 0;
		};
/* End PBXFrameworksBuildPhase section */

/* Begin PBXGroup section */
		B080045723DFAB41009C0DC0 = {
			isa = PBXGroup;
			children = (
				B080046223DFAB41009C0DC0 /* HelloWorld */,
				B080047923DFAB43009C0DC0 /* HelloWorldTests */,
				B080048423DFAB43009C0DC0 /* HelloWorldUITests */,
				B080046123DFAB41009C0DC0 /* Products */,
			);
			sourceTree = "<group>";
		};
		B080046123DFAB41009C0DC0 /* Products */ = {
			isa = PBXGroup;
			children = (
				B080046023DFAB41009C0DC0 /* HelloWorld.app */,
				B080047623DFAB43009C0DC0 /* HelloWorldTests.xctest */,
				B080048123DFAB43009C0DC0 /* HelloWorldUITests.xctest */,
			);
			name = Products;
			sourceTree = "<group>";
		};
		B080046223DFAB41009C0DC0 /* HelloWorld */ = {
			isa = PBXGroup;
			children = (
				B080046323DFAB41009C0DC0 /* AppDelegate.swift */,
				B080046523DFAB41009C0DC0 /* SceneDelegate.swift */,
				B080046723DFAB41009C0DC0 /* ViewController.swift */,
				B080046923DFAB41009C0DC0 /* Main.storyboard */,
				B080046C23DFAB43009C0DC0 /* Assets.xcassets */,
				B080046E23DFAB43009C0DC0 /* LaunchScreen.storyboard */,
				B080047123DFAB43009C0DC0 /* Info.plist */,
			);
			path = HelloWorld;
			sourceTree = "<group>";
		};
		B080047923DFAB43009C0DC0 /* HelloWorldTests */ = {
			isa = PBXGroup;
			children = (
				B080047A23DFAB43009C0DC0 /* HelloWorldTests.swift */,
				B080047C23DFAB43009C0DC0 /* Info.plist */,
			);
			path = HelloWorldTests;
			sourceTree = "<group>";
		};
		B080048423DFAB43009C0DC0 /* HelloWorldUITests */ = {
			isa = PBXGroup;
			children = (
				B080048523DFAB43009C0DC0 /* HelloWorldUITests.swift */,
				B080048723DFAB43009C0DC0 /* Info.plist */,
			);
			path = HelloWorldUITests;
			sourceTree = "<group>";
		};
/* End PBXGroup section */

/* Begin PBXNativeTarget section */
		B080045F23DFAB41009C0DC0 /* HelloWorld */ = {
			isa = PBXNativeTarget;
			buildConfigurationList = B080048A23DFAB43009C0DC0 /* Build configuration list for PBXNativeTarget "HelloWorld" */;
			buildPhases = (
				B080045C23DFAB41009C0DC0 /* Sources */,
				B080045D23DFAB41009C0DC0 /* Frameworks */,
				B080045E23DFAB41009C0DC0 /* Resources */,
			);
			buildRules = (
			);
			dependencies = (
			);
			name = HelloWorld;
			productName = HelloWorld;
			productReference = B080046023DFAB41009C0DC0 /* HelloWorld.app */;
			productType = "com.apple.product-type.application";
		};
		B080047523DFAB43009C0DC0 /* HelloWorldTests */ = {
			isa = PBXNativeTarget;
			buildConfigurationList = B080048D23DFAB43009C0DC0 /* Build configuration list for PBXNativeTarget "HelloWorldTests" */;
			buildPhases = (
				B080047223DFAB43009C0DC0 /* Sources */,
				B080047323DFAB43009C0DC0 /* Frameworks */,
				B080047423DFAB43009C0DC0 /* Resources */,
			);
			buildRules = (
			);
			dependencies = (
				B080047823DFAB43009C0DC0 /* PBXTargetDependency */,
			);
			name = HelloWorldTests;
			productName = HelloWorldTests;
			productReference = B080047623DFAB43009C0DC0 /* HelloWorldTests.xctest */;
			productType = "com.apple.product-type.bundle.unit-test";
		};
		B080048023DFAB43009C0DC0 /* HelloWorldUITests */ = {
			isa = PBXNativeTarget;
			buildConfigurationList = B080049023DFAB43009C0DC0 /* Build configuration list for PBXNativeTarget "HelloWorldUITests" */;
			buildPhases = (
				B080047D23DFAB43009C0DC0 /* Sources */,
				B080047E23DFAB43009C0DC0 /* Frameworks */,
				B080047F23DFAB43009C0DC0 /* Resources */,
			);
			buildRules = (
			);
			dependencies = (
				B080048323DFAB43009C0DC0 /* PBXTargetDependency */,
			);
			name = HelloWorldUITests;
			productName = HelloWorldUITests;
			productReference = B080048123DFAB43009C0DC0 /* HelloWorldUITests.xctest */;
			productType = "com.apple.product-type.bundle.ui-testing";
		};
/* End PBXNativeTarget section */

/* Begin PBXProject section */
		B080045823DFAB41009C0DC0 /* Project object */ = {
			isa = PBXProject;
			attributes = {
				LastSwiftUpdateCheck = 1130;
				LastUpgradeCheck = 1130;
				ORGANIZATIONNAME = "Kapraun, Lauren";
				TargetAttributes = {
					B080045F23DFAB41009C0DC0 = {
						CreatedOnToolsVersion = 11.3;
					};
					B080047523DFAB43009C0DC0 = {
						CreatedOnToolsVersion = 11.3;
						TestTargetID = B080045F23DFAB41009C0DC0;
					};
					B080048023DFAB43009C0DC0 = {
						CreatedOnToolsVersion = 11.3;
						TestTargetID = B080045F23DFAB41009C0DC0;
					};
				};
			};
			buildConfigurationList = B080045B23DFAB41009C0DC0 /* Build configuration list for PBXProject "HelloWorld" */;
			compatibilityVersion = "Xcode 9.3";
			developmentRegion = en;
			hasScannedForEncodings = 0;
			knownRegions = (
				en,
				Base,
			);
			mainGroup = B080045723DFAB41009C0DC0;
			productRefGroup = B080046123DFAB41009C0DC0 /* Products */;
			projectDirPath = "";
			projectRoot = "";
			targets = (
				B080045F23DFAB41009C0DC0 /* HelloWorld */,
				B080047523DFAB43009C0DC0 /* HelloWorldTests */,
				B080048023DFAB43009C0DC0 /* HelloWorldUITests */,
			);
		};
/* End PBXProject section */

/* Begin PBXResourcesBuildPhase section */
		B080045E23DFAB41009C0DC0 /* Resources */ = {
			isa = PBXResourcesBuildPhase;
			buildActionMask = 2147483647;
			files = (
				B080047023DFAB43009C0DC0 /* LaunchScreen.storyboard in Resources */,
				B080046D23DFAB43009C0DC0 /* Assets.xcassets in Resources */,
				B080046B23DFAB41009C0DC0 /* Main.storyboard in Resources */,
			);
			runOnlyForDeploymentPostprocessing = 0;
		};
		B080047423DFAB43009C0DC0 /* Resources */ = {
			isa = PBXResourcesBuildPhase;
			buildActionMask = 2147483647;
			files = (
			);
			runOnlyForDeploymentPostprocessing = 0;
		};
		B080047F23DFAB43009C0DC0 /* Resources */ = {
			isa = PBXResourcesBuildPhase;
			buildActionMask = 2147483647;
			files = (
			);
			runOnlyForDeploymentPostprocessing = 0;
		};
/* End PBXResourcesBuildPhase section */

/* Begin PBXSourcesBuildPhase section */
		B080045C23DFAB41009C0DC0 /* Sources */ = {
			isa = PBXSourcesBuildPhase;
			buildActionMask = 2147483647;
			files = (
				B080046823DFAB41009C0DC0 /* ViewController.swift in Sources */,
				B080046423DFAB41009C0DC0 /* AppDelegate.swift in Sources */,
				B080046623DFAB41009C0DC0 /* SceneDelegate.swift in Sources */,
			);
			runOnlyForDeploymentPostprocessing = 0;
		};
		B080047223DFAB43009C0DC0 /* Sources */ = {
			isa = PBXSourcesBuildPhase;
			buildActionMask = 2147483647;
			files = (
				B080047B23DFAB43009C0DC0 /* HelloWorldTests.swift in Sources */,
			);
			runOnlyForDeploymentPostprocessing = 0;
		};
		B080047D23DFAB43009C0DC0 /* Sources */ = {
			isa = PBXSourcesBuildPhase;
			buildActionMask = 2147483647;
			files = (
				B080048623DFAB43009C0DC0 /* HelloWorldUITests.swift in Sources */,
			);
			runOnlyForDeploymentPostprocessing = 0;
		};
/* End PBXSourcesBuildPhase section */

/* Begin PBXTargetDependency section */
		B080047823DFAB43009C0DC0 /* PBXTargetDependency */ = {
			isa = PBXTargetDependency;
			target = B080045F23DFAB41009C0DC0 /* HelloWorld */;
			targetProxy = B080047723DFAB43009C0DC0 /* PBXContainerItemProxy */;
		};
		B080048323DFAB43009C0DC0 /* PBXTargetDependency */ = {
			isa = PBXTargetDependency;
			target = B080045F23DFAB41009C0DC0 /* HelloWorld */;
			targetProxy = B080048223DFAB43009C0DC0 /* PBXContainerItemProxy */;
		};
/* End PBXTargetDependency section */

/* Begin PBXVariantGroup section */
		B080046923DFAB41009C0DC0 /* Main.storyboard */ = {
			isa = PBXVariantGroup;
			children = (
				B080046A23DFAB41009C0DC0 /* Base */,
			);
			name = Main.storyboard;
			sourceTree = "<group>";
		};
		B080046E23DFAB43009C0DC0 /* LaunchScreen.storyboard */ = {
			isa = PBXVariantGroup;
			children = (
				B080046F23DFAB43009C0DC0 /* Base */,
			);
			name = LaunchScreen.storyboard;
			sourceTree = "<group>";
		};
/* End PBXVariantGroup section */

/* Begin XCBuildConfiguration section */
		B080048823DFAB43009C0DC0 /* Debug */ = {
			isa = XCBuildConfiguration;
			buildSettings = {
				ALWAYS_SEARCH_USER_PATHS = NO;
				CLANG_ANALYZER_NONNULL = YES;
				CLANG_ANALYZER_NUMBER_OBJECT_CONVERSION = YES_AGGRESSIVE;
				CLANG_CXX_LANGUAGE_STANDARD = "gnu++14";
				CLANG_CXX_LIBRARY = "libc++";
				CLANG_ENABLE_MODULES = YES;
				CLANG_ENABLE_OBJC_ARC = YES;
				CLANG_ENABLE_OBJC_WEAK = YES;
				CLANG_WARN_BLOCK_CAPTURE_AUTORELEASING = YES;
				CLANG_WARN_BOOL_CONVERSION = YES;
				CLANG_WARN_COMMA = YES;
				CLANG_WARN_CONSTANT_CONVERSION = YES;
				CLANG_WARN_DEPRECATED_OBJC_IMPLEMENTATIONS = YES;
				CLANG_WARN_DIRECT_OBJC_ISA_USAGE = YES_ERROR;
				CLANG_WARN_DOCUMENTATION_COMMENTS = YES;
				CLANG_WARN_EMPTY_BODY = YES;
				CLANG_WARN_ENUM_CONVERSION = YES;
				CLANG_WARN_INFINITE_RECURSION = YES;
				CLANG_WARN_INT_CONVERSION = YES;
				CLANG_WARN_NON_LITERAL_NULL_CONVERSION = YES;
				CLANG_WARN_OBJC_IMPLICIT_RETAIN_SELF = YES;
				CLANG_WARN_OBJC_LITERAL_CONVERSION = YES;
				CLANG_WARN_OBJC_ROOT_CLASS = YES_ERROR;
				CLANG_WARN_RANGE_LOOP_ANALYSIS = YES;
				CLANG_WARN_STRICT_PROTOTYPES = YES;
				CLANG_WARN_SUSPICIOUS_MOVE = YES;
				CLANG_WARN_UNGUARDED_AVAILABILITY = YES_AGGRESSIVE;
				CLANG_WARN_UNREACHABLE_CODE = YES;
				CLANG_WARN__DUPLICATE_METHOD_MATCH = YES;
				COPY_PHASE_STRIP = NO;
				DEBUG_INFORMATION_FORMAT = dwarf;
				ENABLE_STRICT_OBJC_MSGSEND = YES;
				ENABLE_TESTABILITY = YES;
				GCC_C_LANGUAGE_STANDARD = gnu11;
				GCC_DYNAMIC_NO_PIC = NO;
				GCC_NO_COMMON_BLOCKS = YES;
				GCC_OPTIMIZATION_LEVEL = 0;
				GCC_PREPROCESSOR_DEFINITIONS = (
					"DEBUG=1",
					"$(inherited)",
				);
				GCC_WARN_64_TO_32_BIT_CONVERSION = YES;
				GCC_WARN_ABOUT_RETURN_TYPE = YES_ERROR;
				GCC_WARN_UNDECLARED_SELECTOR = YES;
				GCC_WARN_UNINITIALIZED_AUTOS = YES_AGGRESSIVE;
				GCC_WARN_UNUSED_FUNCTION = YES;
				GCC_WARN_UNUSED_VARIABLE = YES;
				IPHONEOS_DEPLOYMENT_TARGET = 13.2;
				MTL_ENABLE_DEBUG_INFO = INCLUDE_SOURCE;
				MTL_FAST_MATH = YES;
				ONLY_ACTIVE_ARCH = YES;
				SDKROOT = iphoneos;
				SWIFT_ACTIVE_COMPILATION_CONDITIONS = DEBUG;
				SWIFT_OPTIMIZATION_LEVEL = "-Onone";
			};
			name = Debug;
		};
		B080048923DFAB43009C0DC0 /* Release */ = {
			isa = XCBuildConfiguration;
			buildSettings = {
				ALWAYS_SEARCH_USER_PATHS = NO;
				CLANG_ANALYZER_NONNULL = YES;
				CLANG_ANALYZER_NUMBER_OBJECT_CONVERSION = YES_AGGRESSIVE;
				CLANG_CXX_LANGUAGE_STANDARD = "gnu++14";
				CLANG_CXX_LIBRARY = "libc++";
				CLANG_ENABLE_MODULES = YES;
				CLANG_ENABLE_OBJC_ARC = YES;
				CLANG_ENABLE_OBJC_WEAK = YES;
				CLANG_WARN_BLOCK_CAPTURE_AUTORELEASING = YES;
				CLANG_WARN_BOOL_CONVERSION = YES;
				CLANG_WARN_COMMA = YES;
				CLANG_WARN_CONSTANT_CONVERSION = YES;
				CLANG_WARN_DEPRECATED_OBJC_IMPLEMENTATIONS = YES;
				CLANG_WARN_DIRECT_OBJC_ISA_USAGE = YES_ERROR;
				CLANG_WARN_DOCUMENTATION_COMMENTS = YES;
				CLANG_WARN_EMPTY_BODY = YES;
				CLANG_WARN_ENUM_CONVERSION = YES;
				CLANG_WARN_INFINITE_RECURSION = YES;
				CLANG_WARN_INT_CONVERSION = YES;
				CLANG_WARN_NON_LITERAL_NULL_CONVERSION = YES;
				CLANG_WARN_OBJC_IMPLICIT_RETAIN_SELF = YES;
				CLANG_WARN_OBJC_LITERAL_CONVERSION = YES;
				CLANG_WARN_OBJC_ROOT_CLASS = YES_ERROR;
				CLANG_WARN_RANGE_LOOP_ANALYSIS = YES;
				CLANG_WARN_STRICT_PROTOTYPES = YES;
				CLANG_WARN_SUSPICIOUS_MOVE = YES;
				CLANG_WARN_UNGUARDED_AVAILABILITY = YES_AGGRESSIVE;
				CLANG_WARN_UNREACHABLE_CODE = YES;
				CLANG_WARN__DUPLICATE_METHOD_MATCH = YES;
				COPY_PHASE_STRIP = NO;
				DEBUG_INFORMATION_FORMAT = "dwarf-with-dsym";
				ENABLE_NS_ASSERTIONS = NO;
				ENABLE_STRICT_OBJC_MSGSEND = YES;
				GCC_C_LANGUAGE_STANDARD = gnu11;
				GCC_NO_COMMON_BLOCKS = YES;
				GCC_WARN_64_TO_32_BIT_CONVERSION = YES;
				GCC_WARN_ABOUT_RETURN_TYPE = YES_ERROR;
				GCC_WARN_UNDECLARED_SELECTOR = YES;
				GCC_WARN_UNINITIALIZED_AUTOS = YES_AGGRESSIVE;
				GCC_WARN_UNUSED_FUNCTION = YES;
				GCC_WARN_UNUSED_VARIABLE = YES;
				IPHONEOS_DEPLOYMENT_TARGET = 13.2;
				MTL_ENABLE_DEBUG_INFO = NO;
				MTL_FAST_MATH = YES;
				SDKROOT = iphoneos;
				SWIFT_COMPILATION_MODE = wholemodule;
				SWIFT_OPTIMIZATION_LEVEL = "-O";
				VALIDATE_PRODUCT = YES;
			};
			name = Release;
		};
		B080048B23DFAB43009C0DC0 /* Debug */ = {
			isa = XCBuildConfiguration;
			buildSettings = {
				ASSETCATALOG_COMPILER_APPICON_NAME = AppIcon;
				CODE_SIGN_STYLE = Automatic;
				INFOPLIST_FILE = HelloWorld/Info.plist;
				LD_RUNPATH_SEARCH_PATHS = (
					"$(inherited)",
					"@executable_path/Frameworks",
				);
				PRODUCT_BUNDLE_IDENTIFIER = edu.ilstu.it.HelloWorld;
				PRODUCT_NAME = "$(TARGET_NAME)";
				SWIFT_VERSION = 5.0;
				TARGETED_DEVICE_FAMILY = "1,2";
			};
			name = Debug;
		};
		B080048C23DFAB43009C0DC0 /* Release */ = {
			isa = XCBuildConfiguration;
			buildSettings = {
				ASSETCATALOG_COMPILER_APPICON_NAME = AppIcon;
				CODE_SIGN_STYLE = Automatic;
				INFOPLIST_FILE = HelloWorld/Info.plist;
				LD_RUNPATH_SEARCH_PATHS = (
					"$(inherited)",
					"@executable_path/Frameworks",
				);
				PRODUCT_BUNDLE_IDENTIFIER = edu.ilstu.it.HelloWorld;
				PRODUCT_NAME = "$(TARGET_NAME)";
				SWIFT_VERSION = 5.0;
				TARGETED_DEVICE_FAMILY = "1,2";
			};
			name = Release;
		};
		B080048E23DFAB43009C0DC0 /* Debug */ = {
			isa = XCBuildConfiguration;
			buildSettings = {
				ALWAYS_EMBED_SWIFT_STANDARD_LIBRARIES = YES;
				BUNDLE_LOADER = "$(TEST_HOST)";
				CODE_SIGN_STYLE = Automatic;
				INFOPLIST_FILE = HelloWorldTests/Info.plist;
				IPHONEOS_DEPLOYMENT_TARGET = 13.2;
				LD_RUNPATH_SEARCH_PATHS = (
					"$(inherited)",
					"@executable_path/Frameworks",
					"@loader_path/Frameworks",
				);
				PRODUCT_BUNDLE_IDENTIFIER = edu.ilstu.it.HelloWorldTests;
				PRODUCT_NAME = "$(TARGET_NAME)";
				SWIFT_VERSION = 5.0;
				TARGETED_DEVICE_FAMILY = "1,2";
				TEST_HOST = "$(BUILT_PRODUCTS_DIR)/HelloWorld.app/HelloWorld";
			};
			name = Debug;
		};
		B080048F23DFAB43009C0DC0 /* Release */ = {
			isa = XCBuildConfiguration;
			buildSettings = {
				ALWAYS_EMBED_SWIFT_STANDARD_LIBRARIES = YES;
				BUNDLE_LOADER = "$(TEST_HOST)";
				CODE_SIGN_STYLE = Automatic;
				INFOPLIST_FILE = HelloWorldTests/Info.plist;
				IPHONEOS_DEPLOYMENT_TARGET = 13.2;
				LD_RUNPATH_SEARCH_PATHS = (
					"$(inherited)",
					"@executable_path/Frameworks",
					"@loader_path/Frameworks",
				);
				PRODUCT_BUNDLE_IDENTIFIER = edu.ilstu.it.HelloWorldTests;
				PRODUCT_NAME = "$(TARGET_NAME)";
				SWIFT_VERSION = 5.0;
				TARGETED_DEVICE_FAMILY = "1,2";
				TEST_HOST = "$(BUILT_PRODUCTS_DIR)/HelloWorld.app/HelloWorld";
			};
			name = Release;
		};
		B080049123DFAB43009C0DC0 /* Debug */ = {
			isa = XCBuildConfiguration;
			buildSettings = {
				ALWAYS_EMBED_SWIFT_STANDARD_LIBRARIES = YES;
				CODE_SIGN_STYLE = Automatic;
				INFOPLIST_FILE = HelloWorldUITests/Info.plist;
				LD_RUNPATH_SEARCH_PATHS = (
					"$(inherited)",
					"@executable_path/Frameworks",
					"@loader_path/Frameworks",
				);
				PRODUCT_BUNDLE_IDENTIFIER = edu.ilstu.it.HelloWorldUITests;
				PRODUCT_NAME = "$(TARGET_NAME)";
				SWIFT_VERSION = 5.0;
				TARGETED_DEVICE_FAMILY = "1,2";
				TEST_TARGET_NAME = HelloWorld;
			};
			name = Debug;
		};
		B080049223DFAB43009C0DC0 /* Release */ = {
			isa = XCBuildConfiguration;
			buildSettings = {
				ALWAYS_EMBED_SWIFT_STANDARD_LIBRARIES = YES;
				CODE_SIGN_STYLE = Automatic;
				INFOPLIST_FILE = HelloWorldUITests/Info.plist;
				LD_RUNPATH_SEARCH_PATHS = (
					"$(inherited)",
					"@executable_path/Frameworks",
					"@loader_path/Frameworks",
				);
				PRODUCT_BUNDLE_IDENTIFIER = edu.ilstu.it.HelloWorldUITests;
				PRODUCT_NAME = "$(TARGET_NAME)";
				SWIFT_VERSION = 5.0;
				TARGETED_DEVICE_FAMILY = "1,2";
				TEST_TARGET_NAME = HelloWorld;
			};
			name = Release;
		};
/* End XCBuildConfiguration section */

/* Begin XCConfigurationList section */
		B080045B23DFAB41009C0DC0 /* Build configuration list for PBXProject "HelloWorld" */ = {
			isa = XCConfigurationList;
			buildConfigurations = (
				B080048823DFAB43009C0DC0 /* Debug */,
				B080048923DFAB43009C0DC0 /* Release */,
			);
			defaultConfigurationIsVisible = 0;
			defaultConfigurationName = Release;
		};
		B080048A23DFAB43009C0DC0 /* Build configuration list for PBXNativeTarget "HelloWorld" */ = {
			isa = XCConfigurationList;
			buildConfigurations = (
				B080048B23DFAB43009C0DC0 /* Debug */,
				B080048C23DFAB43009C0DC0 /* Release */,
			);
			defaultConfigurationIsVisible = 0;
			defaultConfigurationName = Release;
		};
		B080048D23DFAB43009C0DC0 /* Build configuration list for PBXNativeTarget "HelloWorldTests" */ = {
			isa = XCConfigurationList;
			buildConfigurations = (
				B080048E23DFAB43009C0DC0 /* Debug */,
				B080048F23DFAB43009C0DC0 /* Release */,
			);
			defaultConfigurationIsVisible = 0;
			defaultConfigurationName = Release;
		};
		B080049023DFAB43009C0DC0 /* Build configuration list for PBXNativeTarget "HelloWorldUITests" */ = {
			isa = XCConfigurationList;
			buildConfigurations = (
				B080049123DFAB43009C0DC0 /* Debug */,
				B080049223DFAB43009C0DC0 /* Release */,
			);
			defaultConfigurationIsVisible = 0;
			defaultConfigurationName = Release;
		};
/* End XCConfigurationList section */
	};
	rootObject = B080045823DFAB41009C0DC0 /* Project object */;
}
